
Microsoft Visual Studio Solution File, Format Version 12.00
# Visual Studio Version 17
VisualStudioVersion = 17.14.36401.2 d17.14
MinimumVisualStudioVersion = 10.0.40219.1
Project("{FAE04EC0-301F-11D3-BF4B-00C04F79EFBC}") = "Assignment ADV 01", "Assignment ADV 01\Assignment ADV 01.csproj", "{BE1528BE-C198-464A-82E0-C8D528927DCB}"
EndProject
Global
	GlobalSection(SolutionConfigurationPlatforms) = preSolution
		Debug|Any CPU = Debug|Any CPU
		Release|Any CPU = Release|Any CPU
	EndGlobalSection
	GlobalSection(ProjectConfigurationPlatforms) = postSolution
		{BE1528BE-C198-464A-82E0-C8D528927DCB}.Debug|Any CPU.ActiveCfg = Debug|Any CPU
		{BE1528BE-C198-464A-82E0-C8D528927DCB}.Debug|Any CPU.Build.0 = Debug|Any CPU
		{BE1528BE-C198-464A-82E0-C8D528927DCB}.Release|Any CPU.ActiveCfg = Release|Any CPU
		{BE1528BE-C198-464A-82E0-C8D528927DCB}.Release|Any CPU.Build.0 = Release|Any CPU
	EndGlobalSection
	GlobalSection(SolutionProperties) = preSolution
		HideSolutionNode = FALSE
	EndGlobalSection
	GlobalSection(ExtensibilityGlobals) = postSolution
		SolutionGuid = {CB080487-B486-40AA-B4BF-74E9E5D2B51F}
	EndGlobalSection
EndGlobal
